
Microsoft Visual Studio Solution File, Format Version 12.00
# Visual Studio Version 16
VisualStudioVersion = 16.0.32602.291
MinimumVisualStudioVersion = 10.0.40219.1
Project("{FAE04EC0-301F-11D3-BF4B-00C04F79EFBC}") = "kombo1", "kombo1\kombo1.csproj", "{936D8DFC-8831-4D7A-BC83-2AFEEAFAE66B}"
EndProject
Global
	GlobalSection(SolutionConfigurationPlatforms) = preSolution
		Debug|Any CPU = Debug|Any CPU
		Release|Any CPU = Release|Any CPU
	EndGlobalSection
	GlobalSection(ProjectConfigurationPlatforms) = postSolution
		{936D8DFC-8831-4D7A-BC83-2AFEEAFAE66B}.Debug|Any CPU.ActiveCfg = Debug|Any CPU
		{936D8DFC-8831-4D7A-BC83-2AFEEAFAE66B}.Debug|Any CPU.Build.0 = Debug|Any CPU
		{936D8DFC-8831-4D7A-BC83-2AFEEAFAE66B}.Release|Any CPU.ActiveCfg = Release|Any CPU
		{936D8DFC-8831-4D7A-BC83-2AFEEAFAE66B}.Release|Any CPU.Build.0 = Release|Any CPU
	EndGlobalSection
	GlobalSection(SolutionProperties) = preSolution
		HideSolutionNode = FALSE
	EndGlobalSection
	GlobalSection(ExtensibilityGlobals) = postSolution
		SolutionGuid = {F5443313-590A-4C51-BB49-3E2F4B7C22D7}
	EndGlobalSection
EndGlobal
